
Microsoft Visual Studio Solution File, Format Version 12.00
# Visual Studio Version 16
VisualStudioVersion = 16.0.29613.14
MinimumVisualStudioVersion = 10.0.40219.1
Project("{FAE04EC0-301F-11D3-BF4B-00C04F79EFBC}") = "Hello_SoftUni", "Hello_SoftUni\Hello_SoftUni.csproj", "{C106DB91-1A4A-4F98-924F-1F6BF51A89CD}"
EndProject
Project("{FAE04EC0-301F-11D3-BF4B-00C04F79EFBC}") = "02.Expression", "02.Expression\02.Expression.csproj", "{BD80EC98-080C-4B13-B044-8437226066C3}"
EndProject
Project("{FAE04EC0-301F-11D3-BF4B-00C04F79EFBC}") = "03. Nums1-10", "03. Nums1-0\03. Nums1-10.csproj", "{DE035153-F873-49BD-9DE5-922972DAD531}"
EndProject
Project("{FAE04EC0-301F-11D3-BF4B-00C04F79EFBC}") = "04.RectangleArea", "04.RectangleArea\04.RectangleArea.csproj", "{DF064D73-9FDE-4AF7-AECD-84CB35043522}"
EndProject
Global
	GlobalSection(SolutionConfigurationPlatforms) = preSolution
		Debug|Any CPU = Debug|Any CPU
		Release|Any CPU = Release|Any CPU
	EndGlobalSection
	GlobalSection(ProjectConfigurationPlatforms) = postSolution
		{C106DB91-1A4A-4F98-924F-1F6BF51A89CD}.Debug|Any CPU.ActiveCfg = Debug|Any CPU
		{C106DB91-1A4A-4F98-924F-1F6BF51A89CD}.Debug|Any CPU.Build.0 = Debug|Any CPU
		{C106DB91-1A4A-4F98-924F-1F6BF51A89CD}.Release|Any CPU.ActiveCfg = Release|Any CPU
		{C106DB91-1A4A-4F98-924F-1F6BF51A89CD}.Release|Any CPU.Build.0 = Release|Any CPU
		{BD80EC98-080C-4B13-B044-8437226066C3}.Debug|Any CPU.ActiveCfg = Debug|Any CPU
		{BD80EC98-080C-4B13-B044-8437226066C3}.Debug|Any CPU.Build.0 = Debug|Any CPU
		{BD80EC98-080C-4B13-B044-8437226066C3}.Release|Any CPU.ActiveCfg = Release|Any CPU
		{BD80EC98-080C-4B13-B044-8437226066C3}.Release|Any CPU.Build.0 = Release|Any CPU
		{DE035153-F873-49BD-9DE5-922972DAD531}.Debug|Any CPU.ActiveCfg = Debug|Any CPU
		{DE035153-F873-49BD-9DE5-922972DAD531}.Debug|Any CPU.Build.0 = Debug|Any CPU
		{DE035153-F873-49BD-9DE5-922972DAD531}.Release|Any CPU.ActiveCfg = Release|Any CPU
		{DE035153-F873-49BD-9DE5-922972DAD531}.Release|Any CPU.Build.0 = Release|Any CPU
		{DF064D73-9FDE-4AF7-AECD-84CB35043522}.Debug|Any CPU.ActiveCfg = Debug|Any CPU
		{DF064D73-9FDE-4AF7-AECD-84CB35043522}.Debug|Any CPU.Build.0 = Debug|Any CPU
		{DF064D73-9FDE-4AF7-AECD-84CB35043522}.Release|Any CPU.ActiveCfg = Release|Any CPU
		{DF064D73-9FDE-4AF7-AECD-84CB35043522}.Release|Any CPU.Build.0 = Release|Any CPU
	EndGlobalSection
	GlobalSection(SolutionProperties) = preSolution
		HideSolutionNode = FALSE
	EndGlobalSection
	GlobalSection(ExtensibilityGlobals) = postSolution
		SolutionGuid = {E8F30E37-A715-414E-8B76-91E11A7F98BE}
	EndGlobalSection
EndGlobal
